
Microsoft Visual Studio Solution File, Format Version 12.00
# Visual Studio Version 17
VisualStudioVersion = 17.7.34024.191
MinimumVisualStudioVersion = 10.0.40219.1
Project("{FAE04EC0-301F-11D3-BF4B-00C04F79EFBC}") = "EmpManagementAPI", "EmpManagementAPI\EmpManagementAPI.csproj", "{84578BEC-FED4-450D-AC24-77B06D580D4F}"
EndProject
Global
	GlobalSection(SolutionConfigurationPlatforms) = preSolution
		Debug|Any CPU = Debug|Any CPU
		Release|Any CPU = Release|Any CPU
	EndGlobalSection
	GlobalSection(ProjectConfigurationPlatforms) = postSolution
		{84578BEC-FED4-450D-AC24-77B06D580D4F}.Debug|Any CPU.ActiveCfg = Debug|Any CPU
		{84578BEC-FED4-450D-AC24-77B06D580D4F}.Debug|Any CPU.Build.0 = Debug|Any CPU
		{84578BEC-FED4-450D-AC24-77B06D580D4F}.Release|Any CPU.ActiveCfg = Release|Any CPU
		{84578BEC-FED4-450D-AC24-77B06D580D4F}.Release|Any CPU.Build.0 = Release|Any CPU
	EndGlobalSection
	GlobalSection(SolutionProperties) = preSolution
		HideSolutionNode = FALSE
	EndGlobalSection
	GlobalSection(ExtensibilityGlobals) = postSolution
		SolutionGuid = {852339A5-B348-484E-B219-F394D539894B}
	EndGlobalSection
EndGlobal
